
Microsoft Visual Studio Solution File, Format Version 12.00
# Visual Studio Version 17
VisualStudioVersion = 17.0.32112.339
MinimumVisualStudioVersion = 10.0.40219.1
Project("{FAE04EC0-301F-11D3-BF4B-00C04F79EFBC}") = "ECommerceCase", "ECommerceCase\ECommerceCase.csproj", "{601B437D-2378-4D03-89D2-2D9A81392F79}"
EndProject
Project("{FAE04EC0-301F-11D3-BF4B-00C04F79EFBC}") = "ECommerce.Application", "ECommerce.Application\ECommerce.Application.csproj", "{4630D882-C3AD-4A71-A837-ACD84F9A7A00}"
EndProject
Project("{FAE04EC0-301F-11D3-BF4B-00C04F79EFBC}") = "ECommerce.Service", "ECommerce.Service\ECommerce.Service.csproj", "{25AE0448-A0BA-47A6-A6D4-2432DAF83C22}"
EndProject
Project("{FAE04EC0-301F-11D3-BF4B-00C04F79EFBC}") = "ECommerce.DataAccess", "ECommerce.DataAccess\ECommerce.DataAccess.csproj", "{C8353A01-1D23-4495-A873-DDEB7A21241E}"
EndProject
Project("{FAE04EC0-301F-11D3-BF4B-00C04F79EFBC}") = "ECommerce.Entity", "ECommerce.Entity\ECommerce.Entity.csproj", "{13B4ADA6-C6BA-42EE-A60C-6328C02F86C1}"
EndProject
Global
	GlobalSection(SolutionConfigurationPlatforms) = preSolution
		Debug|Any CPU = Debug|Any CPU
		Release|Any CPU = Release|Any CPU
	EndGlobalSection
	GlobalSection(ProjectConfigurationPlatforms) = postSolution
		{601B437D-2378-4D03-89D2-2D9A81392F79}.Debug|Any CPU.ActiveCfg = Debug|Any CPU
		{601B437D-2378-4D03-89D2-2D9A81392F79}.Debug|Any CPU.Build.0 = Debug|Any CPU
		{601B437D-2378-4D03-89D2-2D9A81392F79}.Release|Any CPU.ActiveCfg = Release|Any CPU
		{601B437D-2378-4D03-89D2-2D9A81392F79}.Release|Any CPU.Build.0 = Release|Any CPU
		{4630D882-C3AD-4A71-A837-ACD84F9A7A00}.Debug|Any CPU.ActiveCfg = Debug|Any CPU
		{4630D882-C3AD-4A71-A837-ACD84F9A7A00}.Debug|Any CPU.Build.0 = Debug|Any CPU
		{4630D882-C3AD-4A71-A837-ACD84F9A7A00}.Release|Any CPU.ActiveCfg = Release|Any CPU
		{4630D882-C3AD-4A71-A837-ACD84F9A7A00}.Release|Any CPU.Build.0 = Release|Any CPU
		{25AE0448-A0BA-47A6-A6D4-2432DAF83C22}.Debug|Any CPU.ActiveCfg = Debug|Any CPU
		{25AE0448-A0BA-47A6-A6D4-2432DAF83C22}.Debug|Any CPU.Build.0 = Debug|Any CPU
		{25AE0448-A0BA-47A6-A6D4-2432DAF83C22}.Release|Any CPU.ActiveCfg = Release|Any CPU
		{25AE0448-A0BA-47A6-A6D4-2432DAF83C22}.Release|Any CPU.Build.0 = Release|Any CPU
		{C8353A01-1D23-4495-A873-DDEB7A21241E}.Debug|Any CPU.ActiveCfg = Debug|Any CPU
		{C8353A01-1D23-4495-A873-DDEB7A21241E}.Debug|Any CPU.Build.0 = Debug|Any CPU
		{C8353A01-1D23-4495-A873-DDEB7A21241E}.Release|Any CPU.ActiveCfg = Release|Any CPU
		{C8353A01-1D23-4495-A873-DDEB7A21241E}.Release|Any CPU.Build.0 = Release|Any CPU
		{13B4ADA6-C6BA-42EE-A60C-6328C02F86C1}.Debug|Any CPU.ActiveCfg = Debug|Any CPU
		{13B4ADA6-C6BA-42EE-A60C-6328C02F86C1}.Debug|Any CPU.Build.0 = Debug|Any CPU
		{13B4ADA6-C6BA-42EE-A60C-6328C02F86C1}.Release|Any CPU.ActiveCfg = Release|Any CPU
		{13B4ADA6-C6BA-42EE-A60C-6328C02F86C1}.Release|Any CPU.Build.0 = Release|Any CPU
	EndGlobalSection
	GlobalSection(SolutionProperties) = preSolution
		HideSolutionNode = FALSE
	EndGlobalSection
	GlobalSection(ExtensibilityGlobals) = postSolution
		SolutionGuid = {52FD5851-4535-4941-9B0F-1E2C808F3FEB}
	EndGlobalSection
EndGlobal
